// !$*UTF8*$!
{
	archiveVersion = 1;
	classes = {
	};
	objectVersion = 56;
	objects = {

/* Begin PBXBuildFile section */
		15C96A122B07EF3100CC8721 /* CallMeMaybeApp.swift in Sources */ = {isa = PBXBuildFile; fileRef = 15C96A112B07EF3100CC8721 /* CallMeMaybeApp.swift */; };
		15C96A142B07EF3100CC8721 /* ContentView.swift in Sources */ = {isa = PBXBuildFile; fileRef = 15C96A132B07EF3100CC8721 /* ContentView.swift */; };
		15C96A162B07EF3300CC8721 /* Assets.xcassets in Resources */ = {isa = PBXBuildFile; fileRef = 15C96A152B07EF3300CC8721 /* Assets.xcassets */; };
		15C96A192B07EF3300CC8721 /* Preview Assets.xcassets in Resources */ = {isa = PBXBuildFile; fileRef = 15C96A182B07EF3300CC8721 /* Preview Assets.xcassets */; };
		15C96A1B2B07EF3300CC8721 /* Persistence.swift in Sources */ = {isa = PBXBuildFile; fileRef = 15C96A1A2B07EF3300CC8721 /* Persistence.swift */; };
		15C96A1E2B07EF3300CC8721 /* CallMeMaybe.xcdatamodeld in Sources */ = {isa = PBXBuildFile; fileRef = 15C96A1C2B07EF3300CC8721 /* CallMeMaybe.xcdatamodeld */; };
		15C96A282B07EF3300CC8721 /* CallMeMaybeTests.swift in Sources */ = {isa = PBXBuildFile; fileRef = 15C96A272B07EF3300CC8721 /* CallMeMaybeTests.swift */; };
		15C96A322B07EF3300CC8721 /* CallMeMaybeUITests.swift in Sources */ = {isa = PBXBuildFile; fileRef = 15C96A312B07EF3300CC8721 /* CallMeMaybeUITests.swift */; };
		15C96A342B07EF3300CC8721 /* CallMeMaybeUITestsLaunchTests.swift in Sources */ = {isa = PBXBuildFile; fileRef = 15C96A332B07EF3300CC8721 /* CallMeMaybeUITestsLaunchTests.swift */; };
/* End PBXBuildFile section */

/* Begin PBXContainerItemProxy section */
		15C96A242B07EF3300CC8721 /* PBXContainerItemProxy */ = {
			isa = PBXContainerItemProxy;
			containerPortal = 15C96A062B07EF3100CC8721 /* Project object */;
			proxyType = 1;
			remoteGlobalIDString = 15C96A0D2B07EF3100CC8721;
			remoteInfo = CallMeMaybe;
		};
		15C96A2E2B07EF3300CC8721 /* PBXContainerItemProxy */ = {
			isa = PBXContainerItemProxy;
			containerPortal = 15C96A062B07EF3100CC8721 /* Project object */;
			proxyType = 1;
			remoteGlobalIDString = 15C96A0D2B07EF3100CC8721;
			remoteInfo = CallMeMaybe;
		};
/* End PBXContainerItemProxy section */

/* Begin PBXFileReference section */
		15C96A0E2B07EF3100CC8721 /* CallMeMaybe.app */ = {isa = PBXFileReference; explicitFileType = wrapper.application; includeInIndex = 0; path = CallMeMaybe.app; sourceTree = BUILT_PRODUCTS_DIR; };
		15C96A112B07EF3100CC8721 /* CallMeMaybeApp.swift */ = {isa = PBXFileReference; lastKnownFileType = sourcecode.swift; path = CallMeMaybeApp.swift; sourceTree = "<group>"; };
		15C96A132B07EF3100CC8721 /* ContentView.swift */ = {isa = PBXFileReference; lastKnownFileType = sourcecode.swift; path = ContentView.swift; sourceTree = "<group>"; };
		15C96A152B07EF3300CC8721 /* Assets.xcassets */ = {isa = PBXFileReference; lastKnownFileType = folder.assetcatalog; path = Assets.xcassets; sourceTree = "<group>"; };
		15C96A182B07EF3300CC8721 /* Preview Assets.xcassets */ = {isa = PBXFileReference; lastKnownFileType = folder.assetcatalog; path = "Preview Assets.xcassets"; sourceTree = "<group>"; };
		15C96A1A2B07EF3300CC8721 /* Persistence.swift */ = {isa = PBXFileReference; lastKnownFileType = sourcecode.swift; path = Persistence.swift; sourceTree = "<group>"; };
		15C96A1D2B07EF3300CC8721 /* CallMeMaybe.xcdatamodel */ = {isa = PBXFileReference; lastKnownFileType = wrapper.xcdatamodel; path = CallMeMaybe.xcdatamodel; sourceTree = "<group>"; };
		15C96A232B07EF3300CC8721 /* CallMeMaybeTests.xctest */ = {isa = PBXFileReference; explicitFileType = wrapper.cfbundle; includeInIndex = 0; path = CallMeMaybeTests.xctest; sourceTree = BUILT_PRODUCTS_DIR; };
		15C96A272B07EF3300CC8721 /* CallMeMaybeTests.swift */ = {isa = PBXFileReference; lastKnownFileType = sourcecode.swift; path = CallMeMaybeTests.swift; sourceTree = "<group>"; };
		15C96A2D2B07EF3300CC8721 /* CallMeMaybeUITests.xctest */ = {isa = PBXFileReference; explicitFileType = wrapper.cfbundle; includeInIndex = 0; path = CallMeMaybeUITests.xctest; sourceTree = BUILT_PRODUCTS_DIR; };
		15C96A312B07EF3300CC8721 /* CallMeMaybeUITests.swift */ = {isa = PBXFileReference; lastKnownFileType = sourcecode.swift; path = CallMeMaybeUITests.swift; sourceTree = "<group>"; };
		15C96A332B07EF3300CC8721 /* CallMeMaybeUITestsLaunchTests.swift */ = {isa = PBXFileReference; lastKnownFileType = sourcecode.swift; path = CallMeMaybeUITestsLaunchTests.swift; sourceTree = "<group>"; };
/* End PBXFileReference section */

/* Begin PBXFrameworksBuildPhase section */
		15C96A0B2B07EF3100CC8721 /* Frameworks */ = {
			isa = PBXFrameworksBuildPhase;
			buildActionMask = 2147483647;
			files = (
			);
			runOnlyForDeploymentPostprocessing = 0;
		};
		15C96A202B07EF3300CC8721 /* Frameworks */ = {
			isa = PBXFrameworksBuildPhase;
			buildActionMask = 2147483647;
			files = (
			);
			runOnlyForDeploymentPostprocessing = 0;
		};
		15C96A2A2B07EF3300CC8721 /* Frameworks */ = {
			isa = PBXFrameworksBuildPhase;
			buildActionMask = 2147483647;
			files = (
			);
			runOnlyForDeploymentPostprocessing = 0;
		};
/* End PBXFrameworksBuildPhase section */

/* Begin PBXGroup section */
		15C96A052B07EF3100CC8721 = {
			isa = PBXGroup;
			children = (
				15C96A102B07EF3100CC8721 /* CallMeMaybe */,
				15C96A262B07EF3300CC8721 /* CallMeMaybeTests */,
				15C96A302B07EF3300CC8721 /* CallMeMaybeUITests */,
				15C96A0F2B07EF3100CC8721 /* Products */,
			);
			sourceTree = "<group>";
		};
		15C96A0F2B07EF3100CC8721 /* Products */ = {
			isa = PBXGroup;
			children = (
				15C96A0E2B07EF3100CC8721 /* CallMeMaybe.app */,
				15C96A232B07EF3300CC8721 /* CallMeMaybeTests.xctest */,
				15C96A2D2B07EF3300CC8721 /* CallMeMaybeUITests.xctest */,
			);
			name = Products;
			sourceTree = "<group>";
		};
		15C96A102B07EF3100CC8721 /* CallMeMaybe */ = {
			isa = PBXGroup;
			children = (
				15C96A112B07EF3100CC8721 /* CallMeMaybeApp.swift */,
				15C96A132B07EF3100CC8721 /* ContentView.swift */,
				15C96A152B07EF3300CC8721 /* Assets.xcassets */,
				15C96A1A2B07EF3300CC8721 /* Persistence.swift */,
				15C96A1C2B07EF3300CC8721 /* CallMeMaybe.xcdatamodeld */,
				15C96A172B07EF3300CC8721 /* Preview Content */,
			);
			path = CallMeMaybe;
			sourceTree = "<group>";
		};
		15C96A172B07EF3300CC8721 /* Preview Content */ = {
			isa = PBXGroup;
			children = (
				15C96A182B07EF3300CC8721 /* Preview Assets.xcassets */,
			);
			path = "Preview Content";
			sourceTree = "<group>";
		};
		15C96A262B07EF3300CC8721 /* CallMeMaybeTests */ = {
			isa = PBXGroup;
			children = (
				15C96A272B07EF3300CC8721 /* CallMeMaybeTests.swift */,
			);
			path = CallMeMaybeTests;
			sourceTree = "<group>";
		};
		15C96A302B07EF3300CC8721 /* CallMeMaybeUITests */ = {
			isa = PBXGroup;
			children = (
				15C96A312B07EF3300CC8721 /* CallMeMaybeUITests.swift */,
				15C96A332B07EF3300CC8721 /* CallMeMaybeUITestsLaunchTests.swift */,
			);
			path = CallMeMaybeUITests;
			sourceTree = "<group>";
		};
/* End PBXGroup section */

/* Begin PBXNativeTarget section */
		15C96A0D2B07EF3100CC8721 /* CallMeMaybe */ = {
			isa = PBXNativeTarget;
			buildConfigurationList = 15C96A372B07EF3300CC8721 /* Build configuration list for PBXNativeTarget "CallMeMaybe" */;
			buildPhases = (
				15C96A0A2B07EF3100CC8721 /* Sources */,
				15C96A0B2B07EF3100CC8721 /* Frameworks */,
				15C96A0C2B07EF3100CC8721 /* Resources */,
			);
			buildRules = (
			);
			dependencies = (
			);
			name = CallMeMaybe;
			productName = CallMeMaybe;
			productReference = 15C96A0E2B07EF3100CC8721 /* CallMeMaybe.app */;
			productType = "com.apple.product-type.application";
		};
		15C96A222B07EF3300CC8721 /* CallMeMaybeTests */ = {
			isa = PBXNativeTarget;
			buildConfigurationList = 15C96A3A2B07EF3300CC8721 /* Build configuration list for PBXNativeTarget "CallMeMaybeTests" */;
			buildPhases = (
				15C96A1F2B07EF3300CC8721 /* Sources */,
				15C96A202B07EF3300CC8721 /* Frameworks */,
				15C96A212B07EF3300CC8721 /* Resources */,
			);
			buildRules = (
			);
			dependencies = (
				15C96A252B07EF3300CC8721 /* PBXTargetDependency */,
			);
			name = CallMeMaybeTests;
			productName = CallMeMaybeTests;
			productReference = 15C96A232B07EF3300CC8721 /* CallMeMaybeTests.xctest */;
			productType = "com.apple.product-type.bundle.unit-test";
		};
		15C96A2C2B07EF3300CC8721 /* CallMeMaybeUITests */ = {
			isa = PBXNativeTarget;
			buildConfigurationList = 15C96A3D2B07EF3300CC8721 /* Build configuration list for PBXNativeTarget "CallMeMaybeUITests" */;
			buildPhases = (
				15C96A292B07EF3300CC8721 /* Sources */,
				15C96A2A2B07EF3300CC8721 /* Frameworks */,
				15C96A2B2B07EF3300CC8721 /* Resources */,
			);
			buildRules = (
			);
			dependencies = (
				15C96A2F2B07EF3300CC8721 /* PBXTargetDependency */,
			);
			name = CallMeMaybeUITests;
			productName = CallMeMaybeUITests;
			productReference = 15C96A2D2B07EF3300CC8721 /* CallMeMaybeUITests.xctest */;
			productType = "com.apple.product-type.bundle.ui-testing";
		};
/* End PBXNativeTarget section */

/* Begin PBXProject section */
		15C96A062B07EF3100CC8721 /* Project object */ = {
			isa = PBXProject;
			attributes = {
				BuildIndependentTargetsInParallel = 1;
				LastSwiftUpdateCheck = 1430;
				LastUpgradeCheck = 1430;
				TargetAttributes = {
					15C96A0D2B07EF3100CC8721 = {
						CreatedOnToolsVersion = 14.3.1;
					};
					15C96A222B07EF3300CC8721 = {
						CreatedOnToolsVersion = 14.3.1;
						TestTargetID = 15C96A0D2B07EF3100CC8721;
					};
					15C96A2C2B07EF3300CC8721 = {
						CreatedOnToolsVersion = 14.3.1;
						TestTargetID = 15C96A0D2B07EF3100CC8721;
					};
				};
			};
			buildConfigurationList = 15C96A092B07EF3100CC8721 /* Build configuration list for PBXProject "CallMeMaybe" */;
			compatibilityVersion = "Xcode 14.0";
			developmentRegion = en;
			hasScannedForEncodings = 0;
			knownRegions = (
				en,
				Base,
			);
			mainGroup = 15C96A052B07EF3100CC8721;
			productRefGroup = 15C96A0F2B07EF3100CC8721 /* Products */;
			projectDirPath = "";
			projectRoot = "";
			targets = (
				15C96A0D2B07EF3100CC8721 /* CallMeMaybe */,
				15C96A222B07EF3300CC8721 /* CallMeMaybeTests */,
				15C96A2C2B07EF3300CC8721 /* CallMeMaybeUITests */,
			);
		};
/* End PBXProject section */

/* Begin PBXResourcesBuildPhase section */
		15C96A0C2B07EF3100CC8721 /* Resources */ = {
			isa = PBXResourcesBuildPhase;
			buildActionMask = 2147483647;
			files = (
				15C96A192B07EF3300CC8721 /* Preview Assets.xcassets in Resources */,
				15C96A162B07EF3300CC8721 /* Assets.xcassets in Resources */,
			);
			runOnlyForDeploymentPostprocessing = 0;
		};
		15C96A212B07EF3300CC8721 /* Resources */ = {
			isa = PBXResourcesBuildPhase;
			buildActionMask = 2147483647;
			files = (
			);
			runOnlyForDeploymentPostprocessing = 0;
		};
		15C96A2B2B07EF3300CC8721 /* Resources */ = {
			isa = PBXResourcesBuildPhase;
			buildActionMask = 2147483647;
			files = (
			);
			runOnlyForDeploymentPostprocessing = 0;
		};
/* End PBXResourcesBuildPhase section */

/* Begin PBXSourcesBuildPhase section */
		15C96A0A2B07EF3100CC8721 /* Sources */ = {
			isa = PBXSourcesBuildPhase;
			buildActionMask = 2147483647;
			files = (
				15C96A1E2B07EF3300CC8721 /* CallMeMaybe.xcdatamodeld in Sources */,
				15C96A1B2B07EF3300CC8721 /* Persistence.swift in Sources */,
				15C96A142B07EF3100CC8721 /* ContentView.swift in Sources */,
				15C96A122B07EF3100CC8721 /* CallMeMaybeApp.swift in Sources */,
			);
			runOnlyForDeploymentPostprocessing = 0;
		};
		15C96A1F2B07EF3300CC8721 /* Sources */ = {
			isa = PBXSourcesBuildPhase;
			buildActionMask = 2147483647;
			files = (
				15C96A282B07EF3300CC8721 /* CallMeMaybeTests.swift in Sources */,
			);
			runOnlyForDeploymentPostprocessing = 0;
		};
		15C96A292B07EF3300CC8721 /* Sources */ = {
			isa = PBXSourcesBuildPhase;
			buildActionMask = 2147483647;
			files = (
				15C96A322B07EF3300CC8721 /* CallMeMaybeUITests.swift in Sources */,
				15C96A342B07EF3300CC8721 /* CallMeMaybeUITestsLaunchTests.swift in Sources */,
			);
			runOnlyForDeploymentPostprocessing = 0;
		};
/* End PBXSourcesBuildPhase section */

/* Begin PBXTargetDependency section */
		15C96A252B07EF3300CC8721 /* PBXTargetDependency */ = {
			isa = PBXTargetDependency;
			target = 15C96A0D2B07EF3100CC8721 /* CallMeMaybe */;
			targetProxy = 15C96A242B07EF3300CC8721 /* PBXContainerItemProxy */;
		};
		15C96A2F2B07EF3300CC8721 /* PBXTargetDependency */ = {
			isa = PBXTargetDependency;
			target = 15C96A0D2B07EF3100CC8721 /* CallMeMaybe */;
			targetProxy = 15C96A2E2B07EF3300CC8721 /* PBXContainerItemProxy */;
		};
/* End PBXTargetDependency section */

/* Begin XCBuildConfiguration section */
		15C96A352B07EF3300CC8721 /* Debug */ = {
			isa = XCBuildConfiguration;
			buildSettings = {
				ALWAYS_SEARCH_USER_PATHS = NO;
				CLANG_ANALYZER_NONNULL = YES;
				CLANG_ANALYZER_NUMBER_OBJECT_CONVERSION = YES_AGGRESSIVE;
				CLANG_CXX_LANGUAGE_STANDARD = "gnu++20";
				CLANG_ENABLE_MODULES = YES;
				CLANG_ENABLE_OBJC_ARC = YES;
				CLANG_ENABLE_OBJC_WEAK = YES;
				CLANG_WARN_BLOCK_CAPTURE_AUTORELEASING = YES;
				CLANG_WARN_BOOL_CONVERSION = YES;
				CLANG_WARN_COMMA = YES;
				CLANG_WARN_CONSTANT_CONVERSION = YES;
				CLANG_WARN_DEPRECATED_OBJC_IMPLEMENTATIONS = YES;
				CLANG_WARN_DIRECT_OBJC_ISA_USAGE = YES_ERROR;
				CLANG_WARN_DOCUMENTATION_COMMENTS = YES;
				CLANG_WARN_EMPTY_BODY = YES;
				CLANG_WARN_ENUM_CONVERSION = YES;
				CLANG_WARN_INFINITE_RECURSION = YES;
				CLANG_WARN_INT_CONVERSION = YES;
				CLANG_WARN_NON_LITERAL_NULL_CONVERSION = YES;
				CLANG_WARN_OBJC_IMPLICIT_RETAIN_SELF = YES;
				CLANG_WARN_OBJC_LITERAL_CONVERSION = YES;
				CLANG_WARN_OBJC_ROOT_CLASS = YES_ERROR;
				CLANG_WARN_QUOTED_INCLUDE_IN_FRAMEWORK_HEADER = YES;
				CLANG_WARN_RANGE_LOOP_ANALYSIS = YES;
				CLANG_WARN_STRICT_PROTOTYPES = YES;
				CLANG_WARN_SUSPICIOUS_MOVE = YES;
				CLANG_WARN_UNGUARDED_AVAILABILITY = YES_AGGRESSIVE;
				CLANG_WARN_UNREACHABLE_CODE = YES;
				CLANG_WARN__DUPLICATE_METHOD_MATCH = YES;
				COPY_PHASE_STRIP = NO;
				DEBUG_INFORMATION_FORMAT = dwarf;
				ENABLE_STRICT_OBJC_MSGSEND = YES;
				ENABLE_TESTABILITY = YES;
				GCC_C_LANGUAGE_STANDARD = gnu11;
				GCC_DYNAMIC_NO_PIC = NO;
				GCC_NO_COMMON_BLOCKS = YES;
				GCC_OPTIMIZATION_LEVEL = 0;
				GCC_PREPROCESSOR_DEFINITIONS = (
					"DEBUG=1",
					"$(inherited)",
				);
				GCC_WARN_64_TO_32_BIT_CONVERSION = YES;
				GCC_WARN_ABOUT_RETURN_TYPE = YES_ERROR;
				GCC_WARN_UNDECLARED_SELECTOR = YES;
				GCC_WARN_UNINITIALIZED_AUTOS = YES_AGGRESSIVE;
				GCC_WARN_UNUSED_FUNCTION = YES;
				GCC_WARN_UNUSED_VARIABLE = YES;
				IPHONEOS_DEPLOYMENT_TARGET = 16.4;
				MTL_ENABLE_DEBUG_INFO = INCLUDE_SOURCE;
				MTL_FAST_MATH = YES;
				ONLY_ACTIVE_ARCH = YES;
				SDKROOT = iphoneos;
				SWIFT_ACTIVE_COMPILATION_CONDITIONS = DEBUG;
				SWIFT_OPTIMIZATION_LEVEL = "-Onone";
			};
			name = Debug;
		};
		15C96A362B07EF3300CC8721 /* Release */ = {
			isa = XCBuildConfiguration;
			buildSettings = {
				ALWAYS_SEARCH_USER_PATHS = NO;
				CLANG_ANALYZER_NONNULL = YES;
				CLANG_ANALYZER_NUMBER_OBJECT_CONVERSION = YES_AGGRESSIVE;
				CLANG_CXX_LANGUAGE_STANDARD = "gnu++20";
				CLANG_ENABLE_MODULES = YES;
				CLANG_ENABLE_OBJC_ARC = YES;
				CLANG_ENABLE_OBJC_WEAK = YES;
				CLANG_WARN_BLOCK_CAPTURE_AUTORELEASING = YES;
				CLANG_WARN_BOOL_CONVERSION = YES;
				CLANG_WARN_COMMA = YES;
				CLANG_WARN_CONSTANT_CONVERSION = YES;
				CLANG_WARN_DEPRECATED_OBJC_IMPLEMENTATIONS = YES;
				CLANG_WARN_DIRECT_OBJC_ISA_USAGE = YES_ERROR;
				CLANG_WARN_DOCUMENTATION_COMMENTS = YES;
				CLANG_WARN_EMPTY_BODY = YES;
				CLANG_WARN_ENUM_CONVERSION = YES;
				CLANG_WARN_INFINITE_RECURSION = YES;
				CLANG_WARN_INT_CONVERSION = YES;
				CLANG_WARN_NON_LITERAL_NULL_CONVERSION = YES;
				CLANG_WARN_OBJC_IMPLICIT_RETAIN_SELF = YES;
				CLANG_WARN_OBJC_LITERAL_CONVERSION = YES;
				CLANG_WARN_OBJC_ROOT_CLASS = YES_ERROR;
				CLANG_WARN_QUOTED_INCLUDE_IN_FRAMEWORK_HEADER = YES;
				CLANG_WARN_RANGE_LOOP_ANALYSIS = YES;
				CLANG_WARN_STRICT_PROTOTYPES = YES;
				CLANG_WARN_SUSPICIOUS_MOVE = YES;
				CLANG_WARN_UNGUARDED_AVAILABILITY = YES_AGGRESSIVE;
				CLANG_WARN_UNREACHABLE_CODE = YES;
				CLANG_WARN__DUPLICATE_METHOD_MATCH = YES;
				COPY_PHASE_STRIP = NO;
				DEBUG_INFORMATION_FORMAT = "dwarf-with-dsym";
				ENABLE_NS_ASSERTIONS = NO;
				ENABLE_STRICT_OBJC_MSGSEND = YES;
				GCC_C_LANGUAGE_STANDARD = gnu11;
				GCC_NO_COMMON_BLOCKS = YES;
				GCC_WARN_64_TO_32_BIT_CONVERSION = YES;
				GCC_WARN_ABOUT_RETURN_TYPE = YES_ERROR;
				GCC_WARN_UNDECLARED_SELECTOR = YES;
				GCC_WARN_UNINITIALIZED_AUTOS = YES_AGGRESSIVE;
				GCC_WARN_UNUSED_FUNCTION = YES;
				GCC_WARN_UNUSED_VARIABLE = YES;
				IPHONEOS_DEPLOYMENT_TARGET = 16.4;
				MTL_ENABLE_DEBUG_INFO = NO;
				MTL_FAST_MATH = YES;
				SDKROOT = iphoneos;
				SWIFT_COMPILATION_MODE = wholemodule;
				SWIFT_OPTIMIZATION_LEVEL = "-O";
				VALIDATE_PRODUCT = YES;
			};
			name = Release;
		};
		15C96A382B07EF3300CC8721 /* Debug */ = {
			isa = XCBuildConfiguration;
			buildSettings = {
				ASSETCATALOG_COMPILER_APPICON_NAME = AppIcon;
				ASSETCATALOG_COMPILER_GLOBAL_ACCENT_COLOR_NAME = AccentColor;
				CODE_SIGN_STYLE = Automatic;
				CURRENT_PROJECT_VERSION = 1;
				DEVELOPMENT_ASSET_PATHS = "\"CallMeMaybe/Preview Content\"";
				DEVELOPMENT_TEAM = 4K8WSV324H;
				ENABLE_PREVIEWS = YES;
				GENERATE_INFOPLIST_FILE = YES;
				INFOPLIST_KEY_UIApplicationSceneManifest_Generation = YES;
				INFOPLIST_KEY_UIApplicationSupportsIndirectInputEvents = YES;
				INFOPLIST_KEY_UILaunchScreen_Generation = YES;
				INFOPLIST_KEY_UISupportedInterfaceOrientations_iPad = "UIInterfaceOrientationPortrait UIInterfaceOrientationPortraitUpsideDown UIInterfaceOrientationLandscapeLeft UIInterfaceOrientationLandscapeRight";
				INFOPLIST_KEY_UISupportedInterfaceOrientations_iPhone = "UIInterfaceOrientationPortrait UIInterfaceOrientationLandscapeLeft UIInterfaceOrientationLandscapeRight";
				LD_RUNPATH_SEARCH_PATHS = (
					"$(inherited)",
					"@executable_path/Frameworks",
				);
				MARKETING_VERSION = 1.0;
				PRODUCT_BUNDLE_IDENTIFIER = com.bytanchan.CallMeMaybe;
				PRODUCT_NAME = "$(TARGET_NAME)";
				SWIFT_EMIT_LOC_STRINGS = YES;
				SWIFT_VERSION = 5.0;
				TARGETED_DEVICE_FAMILY = "1,2";
			};
			name = Debug;
		};
		15C96A392B07EF3300CC8721 /* Release */ = {
			isa = XCBuildConfiguration;
			buildSettings = {
				ASSETCATALOG_COMPILER_APPICON_NAME = AppIcon;
				ASSETCATALOG_COMPILER_GLOBAL_ACCENT_COLOR_NAME = AccentColor;
				CODE_SIGN_STYLE = Automatic;
				CURRENT_PROJECT_VERSION = 1;
				DEVELOPMENT_ASSET_PATHS = "\"CallMeMaybe/Preview Content\"";
				DEVELOPMENT_TEAM = 4K8WSV324H;
				ENABLE_PREVIEWS = YES;
				GENERATE_INFOPLIST_FILE = YES;
				INFOPLIST_KEY_UIApplicationSceneManifest_Generation = YES;
				INFOPLIST_KEY_UIApplicationSupportsIndirectInputEvents = YES;
				INFOPLIST_KEY_UILaunchScreen_Generation = YES;
				INFOPLIST_KEY_UISupportedInterfaceOrientations_iPad = "UIInterfaceOrientationPortrait UIInterfaceOrientationPortraitUpsideDown UIInterfaceOrientationLandscapeLeft UIInterfaceOrientationLandscapeRight";
				INFOPLIST_KEY_UISupportedInterfaceOrientations_iPhone = "UIInterfaceOrientationPortrait UIInterfaceOrientationLandscapeLeft UIInterfaceOrientationLandscapeRight";
				LD_RUNPATH_SEARCH_PATHS = (
					"$(inherited)",
					"@executable_path/Frameworks",
				);
				MARKETING_VERSION = 1.0;
				PRODUCT_BUNDLE_IDENTIFIER = com.bytanchan.CallMeMaybe;
				PRODUCT_NAME = "$(TARGET_NAME)";
				SWIFT_EMIT_LOC_STRINGS = YES;
				SWIFT_VERSION = 5.0;
				TARGETED_DEVICE_FAMILY = "1,2";
			};
			name = Release;
		};
		15C96A3B2B07EF3300CC8721 /* Debug */ = {
			isa = XCBuildConfiguration;
			buildSettings = {
				ALWAYS_EMBED_SWIFT_STANDARD_LIBRARIES = YES;
				BUNDLE_LOADER = "$(TEST_HOST)";
				CODE_SIGN_STYLE = Automatic;
				CURRENT_PROJECT_VERSION = 1;
				DEVELOPMENT_TEAM = 4K8WSV324H;
				GENERATE_INFOPLIST_FILE = YES;
				IPHONEOS_DEPLOYMENT_TARGET = 16.4;
				MARKETING_VERSION = 1.0;
				PRODUCT_BUNDLE_IDENTIFIER = com.bytanchan.CallMeMaybeTests;
				PRODUCT_NAME = "$(TARGET_NAME)";
				SWIFT_EMIT_LOC_STRINGS = NO;
				SWIFT_VERSION = 5.0;
				TARGETED_DEVICE_FAMILY = "1,2";
				TEST_HOST = "$(BUILT_PRODUCTS_DIR)/CallMeMaybe.app/$(BUNDLE_EXECUTABLE_FOLDER_PATH)/CallMeMaybe";
			};
			name = Debug;
		};
		15C96A3C2B07EF3300CC8721 /* Release */ = {
			isa = XCBuildConfiguration;
			buildSettings = {
				ALWAYS_EMBED_SWIFT_STANDARD_LIBRARIES = YES;
				BUNDLE_LOADER = "$(TEST_HOST)";
				CODE_SIGN_STYLE = Automatic;
				CURRENT_PROJECT_VERSION = 1;
				DEVELOPMENT_TEAM = 4K8WSV324H;
				GENERATE_INFOPLIST_FILE = YES;
				IPHONEOS_DEPLOYMENT_TARGET = 16.4;
				MARKETING_VERSION = 1.0;
				PRODUCT_BUNDLE_IDENTIFIER = com.bytanchan.CallMeMaybeTests;
				PRODUCT_NAME = "$(TARGET_NAME)";
				SWIFT_EMIT_LOC_STRINGS = NO;
				SWIFT_VERSION = 5.0;
				TARGETED_DEVICE_FAMILY = "1,2";
				TEST_HOST = "$(BUILT_PRODUCTS_DIR)/CallMeMaybe.app/$(BUNDLE_EXECUTABLE_FOLDER_PATH)/CallMeMaybe";
			};
			name = Release;
		};
		15C96A3E2B07EF3300CC8721 /* Debug */ = {
			isa = XCBuildConfiguration;
			buildSettings = {
				ALWAYS_EMBED_SWIFT_STANDARD_LIBRARIES = YES;
				CODE_SIGN_STYLE = Automatic;
				CURRENT_PROJECT_VERSION = 1;
				DEVELOPMENT_TEAM = 4K8WSV324H;
				GENERATE_INFOPLIST_FILE = YES;
				MARKETING_VERSION = 1.0;
				PRODUCT_BUNDLE_IDENTIFIER = com.bytanchan.CallMeMaybeUITests;
				PRODUCT_NAME = "$(TARGET_NAME)";
				SWIFT_EMIT_LOC_STRINGS = NO;
				SWIFT_VERSION = 5.0;
				TARGETED_DEVICE_FAMILY = "1,2";
				TEST_TARGET_NAME = CallMeMaybe;
			};
			name = Debug;
		};
		15C96A3F2B07EF3300CC8721 /* Release */ = {
			isa = XCBuildConfiguration;
			buildSettings = {
				ALWAYS_EMBED_SWIFT_STANDARD_LIBRARIES = YES;
				CODE_SIGN_STYLE = Automatic;
				CURRENT_PROJECT_VERSION = 1;
				DEVELOPMENT_TEAM = 4K8WSV324H;
				GENERATE_INFOPLIST_FILE = YES;
				MARKETING_VERSION = 1.0;
				PRODUCT_BUNDLE_IDENTIFIER = com.bytanchan.CallMeMaybeUITests;
				PRODUCT_NAME = "$(TARGET_NAME)";
				SWIFT_EMIT_LOC_STRINGS = NO;
				SWIFT_VERSION = 5.0;
				TARGETED_DEVICE_FAMILY = "1,2";
				TEST_TARGET_NAME = CallMeMaybe;
			};
			name = Release;
		};
/* End XCBuildConfiguration section */

/* Begin XCConfigurationList section */
		15C96A092B07EF3100CC8721 /* Build configuration list for PBXProject "CallMeMaybe" */ = {
			isa = XCConfigurationList;
			buildConfigurations = (
				15C96A352B07EF3300CC8721 /* Debug */,
				15C96A362B07EF3300CC8721 /* Release */,
			);
			defaultConfigurationIsVisible = 0;
			defaultConfigurationName = Release;
		};
		15C96A372B07EF3300CC8721 /* Build configuration list for PBXNativeTarget "CallMeMaybe" */ = {
			isa = XCConfigurationList;
			buildConfigurations = (
				15C96A382B07EF3300CC8721 /* Debug */,
				15C96A392B07EF3300CC8721 /* Release */,
			);
			defaultConfigurationIsVisible = 0;
			defaultConfigurationName = Release;
		};
		15C96A3A2B07EF3300CC8721 /* Build configuration list for PBXNativeTarget "CallMeMaybeTests" */ = {
			isa = XCConfigurationList;
			buildConfigurations = (
				15C96A3B2B07EF3300CC8721 /* Debug */,
				15C96A3C2B07EF3300CC8721 /* Release */,
			);
			defaultConfigurationIsVisible = 0;
			defaultConfigurationName = Release;
		};
		15C96A3D2B07EF3300CC8721 /* Build configuration list for PBXNativeTarget "CallMeMaybeUITests" */ = {
			isa = XCConfigurationList;
			buildConfigurations = (
				15C96A3E2B07EF3300CC8721 /* Debug */,
				15C96A3F2B07EF3300CC8721 /* Release */,
			);
			defaultConfigurationIsVisible = 0;
			defaultConfigurationName = Release;
		};
/* End XCConfigurationList section */

/* Begin XCVersionGroup section */
		15C96A1C2B07EF3300CC8721 /* CallMeMaybe.xcdatamodeld */ = {
			isa = XCVersionGroup;
			children = (
				15C96A1D2B07EF3300CC8721 /* CallMeMaybe.xcdatamodel */,
			);
			currentVersion = 15C96A1D2B07EF3300CC8721 /* CallMeMaybe.xcdatamodel */;
			path = CallMeMaybe.xcdatamodeld;
			sourceTree = "<group>";
			versionGroupType = wrapper.xcdatamodel;
		};
/* End XCVersionGroup section */
	};
	rootObject = 15C96A062B07EF3100CC8721 /* Project object */;
}
